// !$*UTF8*$!
{
	archiveVersion = 1;
	classes = {
	};
	objectVersion = 50;
	objects = {

/* Begin PBXBuildFile section */
		04CE9EBC216DE5A300BC21FE /* AppDelegate.swift in Sources */ = {isa = PBXBuildFile; fileRef = 04CE9EBB216DE5A300BC21FE /* AppDelegate.swift */; };
		04CE9EBE216DE5A300BC21FE /* ViewController.swift in Sources */ = {isa = PBXBuildFile; fileRef = 04CE9EBD216DE5A300BC21FE /* ViewController.swift */; };
		04CE9EC1216DE5A300BC21FE /* Main.storyboard in Resources */ = {isa = PBXBuildFile; fileRef = 04CE9EBF216DE5A300BC21FE /* Main.storyboard */; };
		04CE9EC3216DE5A500BC21FE /* Assets.xcassets in Resources */ = {isa = PBXBuildFile; fileRef = 04CE9EC2216DE5A500BC21FE /* Assets.xcassets */; };
		04CE9EC6216DE5A500BC21FE /* LaunchScreen.storyboard in Resources */ = {isa = PBXBuildFile; fileRef = 04CE9EC4216DE5A500BC21FE /* LaunchScreen.storyboard */; };
		04CE9ED2216F49BE00BC21FE /* Card.swift in Sources */ = {isa = PBXBuildFile; fileRef = 04CE9ED1216F49BE00BC21FE /* Card.swift */; };
		04CE9ED4216F4C8900BC21FE /* FlipCardViewModel.swift in Sources */ = {isa = PBXBuildFile; fileRef = 04CE9ED3216F4C8900BC21FE /* FlipCardViewModel.swift */; };
		04CE9ED72170783C00BC21FE /* Class02Teach.swift in Sources */ = {isa = PBXBuildFile; fileRef = 04CE9ED62170783C00BC21FE /* Class02Teach.swift */; };
/* End PBXBuildFile section */

/* Begin PBXFileReference section */
		04CE9EB8216DE5A300BC21FE /* CardGame01.app */ = {isa = PBXFileReference; explicitFileType = wrapper.application; includeInIndex = 0; path = CardGame01.app; sourceTree = BUILT_PRODUCTS_DIR; };
		04CE9EBB216DE5A300BC21FE /* AppDelegate.swift */ = {isa = PBXFileReference; lastKnownFileType = sourcecode.swift; path = AppDelegate.swift; sourceTree = "<group>"; };
		04CE9EBD216DE5A300BC21FE /* ViewController.swift */ = {isa = PBXFileReference; lastKnownFileType = sourcecode.swift; path = ViewController.swift; sourceTree = "<group>"; };
		04CE9EC0216DE5A300BC21FE /* Base */ = {isa = PBXFileReference; lastKnownFileType = file.storyboard; name = Base; path = Base.lproj/Main.storyboard; sourceTree = "<group>"; };
		04CE9EC2216DE5A500BC21FE /* Assets.xcassets */ = {isa = PBXFileReference; lastKnownFileType = folder.assetcatalog; path = Assets.xcassets; sourceTree = "<group>"; };
		04CE9EC5216DE5A500BC21FE /* Base */ = {isa = PBXFileReference; lastKnownFileType = file.storyboard; name = Base; path = Base.lproj/LaunchScreen.storyboard; sourceTree = "<group>"; };
		04CE9EC7216DE5A500BC21FE /* Info.plist */ = {isa = PBXFileReference; lastKnownFileType = text.plist.xml; path = Info.plist; sourceTree = "<group>"; };
		04CE9ED1216F49BE00BC21FE /* Card.swift */ = {isa = PBXFileReference; lastKnownFileType = sourcecode.swift; path = Card.swift; sourceTree = "<group>"; };
		04CE9ED3216F4C8900BC21FE /* FlipCardViewModel.swift */ = {isa = PBXFileReference; lastKnownFileType = sourcecode.swift; path = FlipCardViewModel.swift; sourceTree = "<group>"; };
		04CE9ED62170783C00BC21FE /* Class02Teach.swift */ = {isa = PBXFileReference; lastKnownFileType = sourcecode.swift; name = Class02Teach.swift; path = CardGame01/Class02Teach.swift; sourceTree = SOURCE_ROOT; };
/* End PBXFileReference section */

/* Begin PBXFrameworksBuildPhase section */
		04CE9EB5216DE5A300BC21FE /* Frameworks */ = {
			isa = PBXFrameworksBuildPhase;
			buildActionMask = 2147483647;
			files = (
			);
			runOnlyForDeploymentPostprocessing = 0;
		};
/* End PBXFrameworksBuildPhase section */

/* Begin PBXGroup section */
		04CE9EAF216DE5A300BC21FE = {
			isa = PBXGroup;
			children = (
				04CE9EBA216DE5A300BC21FE /* CardGame01 */,
				04CE9EB9216DE5A300BC21FE /* Products */,
			);
			sourceTree = "<group>";
		};
		04CE9EB9216DE5A300BC21FE /* Products */ = {
			isa = PBXGroup;
			children = (
				04CE9EB8216DE5A300BC21FE /* CardGame01.app */,
			);
			name = Products;
			sourceTree = "<group>";
		};
		04CE9EBA216DE5A300BC21FE /* CardGame01 */ = {
			isa = PBXGroup;
			children = (
				04CE9EC7216DE5A500BC21FE /* Info.plist */,
				04CE9EBD216DE5A300BC21FE /* ViewController.swift */,
				04CE9ECE216F498900BC21FE /* Class01 */,
				04CE9ED52170781400BC21FE /* Class02 */,
				04CE9EBF216DE5A300BC21FE /* Main.storyboard */,
				04CE9ECD216DE5D800BC21FE /* SourceFiles */,
			);
			path = CardGame01;
			sourceTree = "<group>";
		};
		04CE9ECD216DE5D800BC21FE /* SourceFiles */ = {
			isa = PBXGroup;
			children = (
				04CE9EBB216DE5A300BC21FE /* AppDelegate.swift */,
				04CE9EC2216DE5A500BC21FE /* Assets.xcassets */,
				04CE9EC4216DE5A500BC21FE /* LaunchScreen.storyboard */,
			);
			path = SourceFiles;
			sourceTree = "<group>";
		};
		04CE9ECE216F498900BC21FE /* Class01 */ = {
			isa = PBXGroup;
			children = (
				04CE9ECF216F499400BC21FE /* Model */,
			);
			path = Class01;
			sourceTree = "<group>";
		};
		04CE9ECF216F499400BC21FE /* Model */ = {
			isa = PBXGroup;
			children = (
				04CE9ED1216F49BE00BC21FE /* Card.swift */,
				04CE9ED3216F4C8900BC21FE /* FlipCardViewModel.swift */,
			);
			path = Model;
			sourceTree = "<group>";
		};
		04CE9ED52170781400BC21FE /* Class02 */ = {
			isa = PBXGroup;
			children = (
				04CE9ED62170783C00BC21FE /* Class02Teach.swift */,
			);
			path = Class02;
			sourceTree = "<group>";
		};
/* End PBXGroup section */

/* Begin PBXNativeTarget section */
		04CE9EB7216DE5A300BC21FE /* CardGame01 */ = {
			isa = PBXNativeTarget;
			buildConfigurationList = 04CE9ECA216DE5A500BC21FE /* Build configuration list for PBXNativeTarget "CardGame01" */;
			buildPhases = (
				04CE9EB4216DE5A300BC21FE /* Sources */,
				04CE9EB5216DE5A300BC21FE /* Frameworks */,
				04CE9EB6216DE5A300BC21FE /* Resources */,
			);
			buildRules = (
			);
			dependencies = (
			);
			name = CardGame01;
			productName = CardGame01;
			productReference = 04CE9EB8216DE5A300BC21FE /* CardGame01.app */;
			productType = "com.apple.product-type.application";
		};
/* End PBXNativeTarget section */

/* Begin PBXProject section */
		04CE9EB0216DE5A300BC21FE /* Project object */ = {
			isa = PBXProject;
			attributes = {
				LastSwiftUpdateCheck = 1000;
				LastUpgradeCheck = 1000;
				ORGANIZATIONNAME = ALBPersonal;
				TargetAttributes = {
					04CE9EB7216DE5A300BC21FE = {
						CreatedOnToolsVersion = 10.0;
					};
				};
			};
			buildConfigurationList = 04CE9EB3216DE5A300BC21FE /* Build configuration list for PBXProject "CardGame01" */;
			compatibilityVersion = "Xcode 9.3";
			developmentRegion = en;
			hasScannedForEncodings = 0;
			knownRegions = (
				en,
				Base,
			);
			mainGroup = 04CE9EAF216DE5A300BC21FE;
			productRefGroup = 04CE9EB9216DE5A300BC21FE /* Products */;
			projectDirPath = "";
			projectRoot = "";
			targets = (
				04CE9EB7216DE5A300BC21FE /* CardGame01 */,
			);
		};
/* End PBXProject section */

/* Begin PBXResourcesBuildPhase section */
		04CE9EB6216DE5A300BC21FE /* Resources */ = {
			isa = PBXResourcesBuildPhase;
			buildActionMask = 2147483647;
			files = (
				04CE9EC6216DE5A500BC21FE /* LaunchScreen.storyboard in Resources */,
				04CE9EC3216DE5A500BC21FE /* Assets.xcassets in Resources */,
				04CE9EC1216DE5A300BC21FE /* Main.storyboard in Resources */,
			);
			runOnlyForDeploymentPostprocessing = 0;
		};
/* End PBXResourcesBuildPhase section */

/* Begin PBXSourcesBuildPhase section */
		04CE9EB4216DE5A300BC21FE /* Sources */ = {
			isa = PBXSourcesBuildPhase;
			buildActionMask = 2147483647;
			files = (
				04CE9EBE216DE5A300BC21FE /* ViewController.swift in Sources */,
				04CE9EBC216DE5A300BC21FE /* AppDelegate.swift in Sources */,
				04CE9ED2216F49BE00BC21FE /* Card.swift in Sources */,
				04CE9ED4216F4C8900BC21FE /* FlipCardViewModel.swift in Sources */,
				04CE9ED72170783C00BC21FE /* Class02Teach.swift in Sources */,
			);
			runOnlyForDeploymentPostprocessing = 0;
		};
/* End PBXSourcesBuildPhase section */

/* Begin PBXVariantGroup section */
		04CE9EBF216DE5A300BC21FE /* Main.storyboard */ = {
			isa = PBXVariantGroup;
			children = (
				04CE9EC0216DE5A300BC21FE /* Base */,
			);
			name = Main.storyboard;
			sourceTree = "<group>";
		};
		04CE9EC4216DE5A500BC21FE /* LaunchScreen.storyboard */ = {
			isa = PBXVariantGroup;
			children = (
				04CE9EC5216DE5A500BC21FE /* Base */,
			);
			name = LaunchScreen.storyboard;
			sourceTree = "<group>";
		};
/* End PBXVariantGroup section */

/* Begin XCBuildConfiguration section */
		04CE9EC8216DE5A500BC21FE /* Debug */ = {
			isa = XCBuildConfiguration;
			buildSettings = {
				ALWAYS_SEARCH_USER_PATHS = NO;
				CLANG_ANALYZER_NONNULL = YES;
				CLANG_ANALYZER_NUMBER_OBJECT_CONVERSION = YES_AGGRESSIVE;
				CLANG_CXX_LANGUAGE_STANDARD = "gnu++14";
				CLANG_CXX_LIBRARY = "libc++";
				CLANG_ENABLE_MODULES = YES;
				CLANG_ENABLE_OBJC_ARC = YES;
				CLANG_ENABLE_OBJC_WEAK = YES;
				CLANG_WARN_BLOCK_CAPTURE_AUTORELEASING = YES;
				CLANG_WARN_BOOL_CONVERSION = YES;
				CLANG_WARN_COMMA = YES;
				CLANG_WARN_CONSTANT_CONVERSION = YES;
				CLANG_WARN_DEPRECATED_OBJC_IMPLEMENTATIONS = YES;
				CLANG_WARN_DIRECT_OBJC_ISA_USAGE = YES_ERROR;
				CLANG_WARN_DOCUMENTATION_COMMENTS = YES;
				CLANG_WARN_EMPTY_BODY = YES;
				CLANG_WARN_ENUM_CONVERSION = YES;
				CLANG_WARN_INFINITE_RECURSION = YES;
				CLANG_WARN_INT_CONVERSION = YES;
				CLANG_WARN_NON_LITERAL_NULL_CONVERSION = YES;
				CLANG_WARN_OBJC_IMPLICIT_RETAIN_SELF = YES;
				CLANG_WARN_OBJC_LITERAL_CONVERSION = YES;
				CLANG_WARN_OBJC_ROOT_CLASS = YES_ERROR;
				CLANG_WARN_RANGE_LOOP_ANALYSIS = YES;
				CLANG_WARN_STRICT_PROTOTYPES = YES;
				CLANG_WARN_SUSPICIOUS_MOVE = YES;
				CLANG_WARN_UNGUARDED_AVAILABILITY = YES_AGGRESSIVE;
				CLANG_WARN_UNREACHABLE_CODE = YES;
				CLANG_WARN__DUPLICATE_METHOD_MATCH = YES;
				CODE_SIGN_IDENTITY = "iPhone Developer";
				COPY_PHASE_STRIP = NO;
				DEBUG_INFORMATION_FORMAT = dwarf;
				ENABLE_STRICT_OBJC_MSGSEND = YES;
				ENABLE_TESTABILITY = YES;
				GCC_C_LANGUAGE_STANDARD = gnu11;
				GCC_DYNAMIC_NO_PIC = NO;
				GCC_NO_COMMON_BLOCKS = YES;
				GCC_OPTIMIZATION_LEVEL = 0;
				GCC_PREPROCESSOR_DEFINITIONS = (
					"DEBUG=1",
					"$(inherited)",
				);
				GCC_WARN_64_TO_32_BIT_CONVERSION = YES;
				GCC_WARN_ABOUT_RETURN_TYPE = YES_ERROR;
				GCC_WARN_UNDECLARED_SELECTOR = YES;
				GCC_WARN_UNINITIALIZED_AUTOS = YES_AGGRESSIVE;
				GCC_WARN_UNUSED_FUNCTION = YES;
				GCC_WARN_UNUSED_VARIABLE = YES;
				IPHONEOS_DEPLOYMENT_TARGET = 12.0;
				MTL_ENABLE_DEBUG_INFO = INCLUDE_SOURCE;
				MTL_FAST_MATH = YES;
				ONLY_ACTIVE_ARCH = YES;
				SDKROOT = iphoneos;
				SWIFT_ACTIVE_COMPILATION_CONDITIONS = DEBUG;
				SWIFT_OPTIMIZATION_LEVEL = "-Onone";
			};
			name = Debug;
		};
		04CE9EC9216DE5A500BC21FE /* Release */ = {
			isa = XCBuildConfiguration;
			buildSettings = {
				ALWAYS_SEARCH_USER_PATHS = NO;
				CLANG_ANALYZER_NONNULL = YES;
				CLANG_ANALYZER_NUMBER_OBJECT_CONVERSION = YES_AGGRESSIVE;
				CLANG_CXX_LANGUAGE_STANDARD = "gnu++14";
				CLANG_CXX_LIBRARY = "libc++";
				CLANG_ENABLE_MODULES = YES;
				CLANG_ENABLE_OBJC_ARC = YES;
				CLANG_ENABLE_OBJC_WEAK = YES;
				CLANG_WARN_BLOCK_CAPTURE_AUTORELEASING = YES;
				CLANG_WARN_BOOL_CONVERSION = YES;
				CLANG_WARN_COMMA = YES;
				CLANG_WARN_CONSTANT_CONVERSION = YES;
				CLANG_WARN_DEPRECATED_OBJC_IMPLEMENTATIONS = YES;
				CLANG_WARN_DIRECT_OBJC_ISA_USAGE = YES_ERROR;
				CLANG_WARN_DOCUMENTATION_COMMENTS = YES;
				CLANG_WARN_EMPTY_BODY = YES;
				CLANG_WARN_ENUM_CONVERSION = YES;
				CLANG_WARN_INFINITE_RECURSION = YES;
				CLANG_WARN_INT_CONVERSION = YES;
				CLANG_WARN_NON_LITERAL_NULL_CONVERSION = YES;
				CLANG_WARN_OBJC_IMPLICIT_RETAIN_SELF = YES;
				CLANG_WARN_OBJC_LITERAL_CONVERSION = YES;
				CLANG_WARN_OBJC_ROOT_CLASS = YES_ERROR;
				CLANG_WARN_RANGE_LOOP_ANALYSIS = YES;
				CLANG_WARN_STRICT_PROTOTYPES = YES;
				CLANG_WARN_SUSPICIOUS_MOVE = YES;
				CLANG_WARN_UNGUARDED_AVAILABILITY = YES_AGGRESSIVE;
				CLANG_WARN_UNREACHABLE_CODE = YES;
				CLANG_WARN__DUPLICATE_METHOD_MATCH = YES;
				CODE_SIGN_IDENTITY = "iPhone Developer";
				COPY_PHASE_STRIP = NO;
				DEBUG_INFORMATION_FORMAT = "dwarf-with-dsym";
				ENABLE_NS_ASSERTIONS = NO;
				ENABLE_STRICT_OBJC_MSGSEND = YES;
				GCC_C_LANGUAGE_STANDARD = gnu11;
				GCC_NO_COMMON_BLOCKS = YES;
				GCC_WARN_64_TO_32_BIT_CONVERSION = YES;
				GCC_WARN_ABOUT_RETURN_TYPE = YES_ERROR;
				GCC_WARN_UNDECLARED_SELECTOR = YES;
				GCC_WARN_UNINITIALIZED_AUTOS = YES_AGGRESSIVE;
				GCC_WARN_UNUSED_FUNCTION = YES;
				GCC_WARN_UNUSED_VARIABLE = YES;
				IPHONEOS_DEPLOYMENT_TARGET = 12.0;
				MTL_ENABLE_DEBUG_INFO = NO;
				MTL_FAST_MATH = YES;
				SDKROOT = iphoneos;
				SWIFT_COMPILATION_MODE = wholemodule;
				SWIFT_OPTIMIZATION_LEVEL = "-O";
				VALIDATE_PRODUCT = YES;
			};
			name = Release;
		};
		04CE9ECB216DE5A500BC21FE /* Debug */ = {
			isa = XCBuildConfiguration;
			buildSettings = {
				ASSETCATALOG_COMPILER_APPICON_NAME = AppIcon;
				CODE_SIGN_STYLE = Automatic;
				DEVELOPMENT_TEAM = UP4TPZ3VSZ;
				INFOPLIST_FILE = CardGame01/Info.plist;
				LD_RUNPATH_SEARCH_PATHS = (
					"$(inherited)",
					"@executable_path/Frameworks",
				);
				PRODUCT_BUNDLE_IDENTIFIER = com.Albert.CardGame01;
				PRODUCT_NAME = "$(TARGET_NAME)";
				SWIFT_VERSION = 4.2;
				TARGETED_DEVICE_FAMILY = "1,2";
			};
			name = Debug;
		};
		04CE9ECC216DE5A500BC21FE /* Release */ = {
			isa = XCBuildConfiguration;
			buildSettings = {
				ASSETCATALOG_COMPILER_APPICON_NAME = AppIcon;
				CODE_SIGN_STYLE = Automatic;
				DEVELOPMENT_TEAM = UP4TPZ3VSZ;
				INFOPLIST_FILE = CardGame01/Info.plist;
				LD_RUNPATH_SEARCH_PATHS = (
					"$(inherited)",
					"@executable_path/Frameworks",
				);
				PRODUCT_BUNDLE_IDENTIFIER = com.Albert.CardGame01;
				PRODUCT_NAME = "$(TARGET_NAME)";
				SWIFT_VERSION = 4.2;
				TARGETED_DEVICE_FAMILY = "1,2";
			};
			name = Release;
		};
/* End XCBuildConfiguration section */

/* Begin XCConfigurationList section */
		04CE9EB3216DE5A300BC21FE /* Build configuration list for PBXProject "CardGame01" */ = {
			isa = XCConfigurationList;
			buildConfigurations = (
				04CE9EC8216DE5A500BC21FE /* Debug */,
				04CE9EC9216DE5A500BC21FE /* Release */,
			);
			defaultConfigurationIsVisible = 0;
			defaultConfigurationName = Release;
		};
		04CE9ECA216DE5A500BC21FE /* Build configuration list for PBXNativeTarget "CardGame01" */ = {
			isa = XCConfigurationList;
			buildConfigurations = (
				04CE9ECB216DE5A500BC21FE /* Debug */,
				04CE9ECC216DE5A500BC21FE /* Release */,
			);
			defaultConfigurationIsVisible = 0;
			defaultConfigurationName = Release;
		};
/* End XCConfigurationList section */
	};
	rootObject = 04CE9EB0216DE5A300BC21FE /* Project object */;
}
